
Microsoft Visual Studio Solution File, Format Version 12.00
# Visual Studio Version 17
VisualStudioVersion = 17.0.31423.177
MinimumVisualStudioVersion = 10.0.40219.1
Project("{9A19103F-16F7-4668-BE54-9A1E7A4F7556}") = "TableCloth", "TableCloth\TableCloth.csproj", "{2D6CD03C-52B2-46F2-8EC1-7480E7A92E5E}"
	ProjectSection(ProjectDependencies) = postProject
		{27405F36-877A-4B82-98FB-0C461FBAB625} = {27405F36-877A-4B82-98FB-0C461FBAB625}
		{369BB263-3C8D-4B56-9301-2C47DE7746E8} = {369BB263-3C8D-4B56-9301-2C47DE7746E8}
	EndProjectSection
EndProject
Project("{D954291E-2A0B-460D-934E-DC6B0785DB48}") = "TableCloth.Shared", "TableCloth.Shared\TableCloth.Shared.shproj", "{0F58B6A7-CCA8-471A-B767-01C7B8F6E839}"
EndProject
Project("{FAE04EC0-301F-11D3-BF4B-00C04F79EFBC}") = "Hostess", "Hostess\Hostess.csproj", "{369BB263-3C8D-4B56-9301-2C47DE7746E8}"
EndProject
Project("{FAE04EC0-301F-11D3-BF4B-00C04F79EFBC}") = "TableCloth.SetupBuilder", "TableCloth.SetupBuilder\TableCloth.SetupBuilder.csproj", "{68063059-A0EA-4ED6-BADF-4D8120016E93}"
EndProject
Project("{2150E333-8FDC-42A3-9474-1A3956D46DE8}") = "Solution Items", "Solution Items", "{0550F36D-5775-4A30-9783-E60FE4B7C438}"
	ProjectSection(SolutionItems) = preProject
		.editorconfig = .editorconfig
		.gitignore = .gitignore
		Directory.build.props = Directory.build.props
		LICENSE.txt = LICENSE.txt
		PRIVACY.md = PRIVACY.md
		README.md = README.md
		SECURITY.md = SECURITY.md
	EndProjectSection
EndProject
Project("{C7167F0D-BC9F-4E6E-AFE1-012C56B48DB5}") = "TableClothApp", "TableClothApp\TableClothApp.wapproj", "{E4B4CDAF-9DE5-4107-96A3-D31A009DCC53}"
EndProject
Project("{FAE04EC0-301F-11D3-BF4B-00C04F79EFBC}") = "TableCloth.ResourceBuilder", "TableCloth.ResourceBuilder\TableCloth.ResourceBuilder.csproj", "{27405F36-877A-4B82-98FB-0C461FBAB625}"
EndProject
Project("{9A19103F-16F7-4668-BE54-9A1E7A4F7556}") = "Loom", "Loom\Loom.csproj", "{25CA9322-D817-4F66-AC5A-8A88794162AF}"
EndProject
Project("{9A19103F-16F7-4668-BE54-9A1E7A4F7556}") = "TableCloth.Test", "TableCloth.Test\TableCloth.Test.csproj", "{00E9E604-57A3-41DF-AF08-F0436D4FF9BA}"
EndProject
Global
	GlobalSection(SolutionConfigurationPlatforms) = preSolution
		Debug|ARM64 = Debug|ARM64
		Debug|x64 = Debug|x64
		Release|ARM64 = Release|ARM64
		Release|x64 = Release|x64
	EndGlobalSection
	GlobalSection(ProjectConfigurationPlatforms) = postSolution
		{2D6CD03C-52B2-46F2-8EC1-7480E7A92E5E}.Debug|ARM64.ActiveCfg = Debug|ARM64
		{2D6CD03C-52B2-46F2-8EC1-7480E7A92E5E}.Debug|ARM64.Build.0 = Debug|ARM64
		{2D6CD03C-52B2-46F2-8EC1-7480E7A92E5E}.Debug|x64.ActiveCfg = Debug|x64
		{2D6CD03C-52B2-46F2-8EC1-7480E7A92E5E}.Debug|x64.Build.0 = Debug|x64
		{2D6CD03C-52B2-46F2-8EC1-7480E7A92E5E}.Release|ARM64.ActiveCfg = Release|ARM64
		{2D6CD03C-52B2-46F2-8EC1-7480E7A92E5E}.Release|ARM64.Build.0 = Release|ARM64
		{2D6CD03C-52B2-46F2-8EC1-7480E7A92E5E}.Release|x64.ActiveCfg = Release|x64
		{2D6CD03C-52B2-46F2-8EC1-7480E7A92E5E}.Release|x64.Build.0 = Release|x64
		{369BB263-3C8D-4B56-9301-2C47DE7746E8}.Debug|ARM64.ActiveCfg = Debug|ARM64
		{369BB263-3C8D-4B56-9301-2C47DE7746E8}.Debug|ARM64.Build.0 = Debug|ARM64
		{369BB263-3C8D-4B56-9301-2C47DE7746E8}.Debug|x64.ActiveCfg = Debug|x64
		{369BB263-3C8D-4B56-9301-2C47DE7746E8}.Debug|x64.Build.0 = Debug|x64
		{369BB263-3C8D-4B56-9301-2C47DE7746E8}.Release|ARM64.ActiveCfg = Release|ARM64
		{369BB263-3C8D-4B56-9301-2C47DE7746E8}.Release|ARM64.Build.0 = Release|ARM64
		{369BB263-3C8D-4B56-9301-2C47DE7746E8}.Release|x64.ActiveCfg = Release|x64
		{369BB263-3C8D-4B56-9301-2C47DE7746E8}.Release|x64.Build.0 = Release|x64
		{68063059-A0EA-4ED6-BADF-4D8120016E93}.Debug|ARM64.ActiveCfg = Debug|ARM64
		{68063059-A0EA-4ED6-BADF-4D8120016E93}.Debug|ARM64.Build.0 = Debug|ARM64
		{68063059-A0EA-4ED6-BADF-4D8120016E93}.Debug|x64.ActiveCfg = Debug|x64
		{68063059-A0EA-4ED6-BADF-4D8120016E93}.Debug|x64.Build.0 = Debug|x64
		{68063059-A0EA-4ED6-BADF-4D8120016E93}.Release|ARM64.ActiveCfg = Release|ARM64
		{68063059-A0EA-4ED6-BADF-4D8120016E93}.Release|ARM64.Build.0 = Release|ARM64
		{68063059-A0EA-4ED6-BADF-4D8120016E93}.Release|x64.ActiveCfg = Release|x64
		{68063059-A0EA-4ED6-BADF-4D8120016E93}.Release|x64.Build.0 = Release|x64
		{E4B4CDAF-9DE5-4107-96A3-D31A009DCC53}.Debug|ARM64.ActiveCfg = Debug|ARM64
		{E4B4CDAF-9DE5-4107-96A3-D31A009DCC53}.Debug|ARM64.Build.0 = Debug|ARM64
		{E4B4CDAF-9DE5-4107-96A3-D31A009DCC53}.Debug|ARM64.Deploy.0 = Debug|ARM64
		{E4B4CDAF-9DE5-4107-96A3-D31A009DCC53}.Debug|x64.ActiveCfg = Debug|x64
		{E4B4CDAF-9DE5-4107-96A3-D31A009DCC53}.Debug|x64.Build.0 = Debug|x64
		{E4B4CDAF-9DE5-4107-96A3-D31A009DCC53}.Debug|x64.Deploy.0 = Debug|x64
		{E4B4CDAF-9DE5-4107-96A3-D31A009DCC53}.Release|ARM64.ActiveCfg = Release|ARM64
		{E4B4CDAF-9DE5-4107-96A3-D31A009DCC53}.Release|ARM64.Build.0 = Release|ARM64
		{E4B4CDAF-9DE5-4107-96A3-D31A009DCC53}.Release|ARM64.Deploy.0 = Release|ARM64
		{E4B4CDAF-9DE5-4107-96A3-D31A009DCC53}.Release|x64.ActiveCfg = Release|x64
		{E4B4CDAF-9DE5-4107-96A3-D31A009DCC53}.Release|x64.Build.0 = Release|x64
		{E4B4CDAF-9DE5-4107-96A3-D31A009DCC53}.Release|x64.Deploy.0 = Release|x64
		{27405F36-877A-4B82-98FB-0C461FBAB625}.Debug|ARM64.ActiveCfg = Debug|ARM64
		{27405F36-877A-4B82-98FB-0C461FBAB625}.Debug|ARM64.Build.0 = Debug|ARM64
		{27405F36-877A-4B82-98FB-0C461FBAB625}.Debug|x64.ActiveCfg = Debug|x64
		{27405F36-877A-4B82-98FB-0C461FBAB625}.Debug|x64.Build.0 = Debug|x64
		{27405F36-877A-4B82-98FB-0C461FBAB625}.Release|ARM64.ActiveCfg = Release|ARM64
		{27405F36-877A-4B82-98FB-0C461FBAB625}.Release|ARM64.Build.0 = Release|ARM64
		{27405F36-877A-4B82-98FB-0C461FBAB625}.Release|x64.ActiveCfg = Release|x64
		{27405F36-877A-4B82-98FB-0C461FBAB625}.Release|x64.Build.0 = Release|x64
		{25CA9322-D817-4F66-AC5A-8A88794162AF}.Debug|ARM64.ActiveCfg = Debug|ARM64
		{25CA9322-D817-4F66-AC5A-8A88794162AF}.Debug|ARM64.Build.0 = Debug|ARM64
		{25CA9322-D817-4F66-AC5A-8A88794162AF}.Debug|x64.ActiveCfg = Debug|x64
		{25CA9322-D817-4F66-AC5A-8A88794162AF}.Debug|x64.Build.0 = Debug|x64
		{25CA9322-D817-4F66-AC5A-8A88794162AF}.Release|ARM64.ActiveCfg = Release|ARM64
		{25CA9322-D817-4F66-AC5A-8A88794162AF}.Release|ARM64.Build.0 = Release|ARM64
		{25CA9322-D817-4F66-AC5A-8A88794162AF}.Release|x64.ActiveCfg = Release|x64
		{25CA9322-D817-4F66-AC5A-8A88794162AF}.Release|x64.Build.0 = Release|x64
		{00E9E604-57A3-41DF-AF08-F0436D4FF9BA}.Debug|ARM64.ActiveCfg = Debug|ARM64
		{00E9E604-57A3-41DF-AF08-F0436D4FF9BA}.Debug|ARM64.Build.0 = Debug|ARM64
		{00E9E604-57A3-41DF-AF08-F0436D4FF9BA}.Debug|x64.ActiveCfg = Debug|x64
		{00E9E604-57A3-41DF-AF08-F0436D4FF9BA}.Debug|x64.Build.0 = Debug|x64
		{00E9E604-57A3-41DF-AF08-F0436D4FF9BA}.Release|ARM64.ActiveCfg = Release|ARM64
		{00E9E604-57A3-41DF-AF08-F0436D4FF9BA}.Release|ARM64.Build.0 = Release|ARM64
		{00E9E604-57A3-41DF-AF08-F0436D4FF9BA}.Release|x64.ActiveCfg = Release|x64
		{00E9E604-57A3-41DF-AF08-F0436D4FF9BA}.Release|x64.Build.0 = Release|x64
	EndGlobalSection
	GlobalSection(SolutionProperties) = preSolution
		HideSolutionNode = FALSE
	EndGlobalSection
	GlobalSection(ExtensibilityGlobals) = postSolution
		SolutionGuid = {7EAF7AB7-15CC-4504-8D15-C631B0996E8F}
	EndGlobalSection
	GlobalSection(SharedMSBuildProjectFiles) = preSolution
		TableCloth.Shared\TableCloth.Shared.projitems*{0f58b6a7-cca8-471a-b767-01c7b8f6e839}*SharedItemsImports = 13
		TableCloth.Shared\TableCloth.Shared.projitems*{25ca9322-d817-4f66-ac5a-8a88794162af}*SharedItemsImports = 5
		TableCloth.Shared\TableCloth.Shared.projitems*{2d6cd03c-52b2-46f2-8ec1-7480e7a92e5e}*SharedItemsImports = 5
		TableCloth.Shared\TableCloth.Shared.projitems*{369bb263-3c8d-4b56-9301-2c47de7746e8}*SharedItemsImports = 4
		TableCloth.Shared\TableCloth.Shared.projitems*{68063059-a0ea-4ed6-badf-4d8120016e93}*SharedItemsImports = 4
	EndGlobalSection
EndGlobal
